// !$*UTF8*$!
{
	archiveVersion = 1;
	classes = {
	};
	objectVersion = 56;
	objects = {

/* Begin PBXBuildFile section */
		A22F504F2907B05D00C2E03D /* UploadMultipartEndPoint.swift in Sources */ = {isa = PBXBuildFile; fileRef = A22F504E2907B05D00C2E03D /* UploadMultipartEndPoint.swift */; };
		A22F50512907B42F00C2E03D /* UploadMultipart.swift in Sources */ = {isa = PBXBuildFile; fileRef = A22F50502907B42F00C2E03D /* UploadMultipart.swift */; };
		A22F50532907B4A800C2E03D /* UploadMultipartService.swift in Sources */ = {isa = PBXBuildFile; fileRef = A22F50522907B4A800C2E03D /* UploadMultipartService.swift */; };
		A261D70628F6821B003E00F3 /* AppDelegate.swift in Sources */ = {isa = PBXBuildFile; fileRef = A261D70528F6821B003E00F3 /* AppDelegate.swift */; };
		A261D70828F6821B003E00F3 /* SceneDelegate.swift in Sources */ = {isa = PBXBuildFile; fileRef = A261D70728F6821B003E00F3 /* SceneDelegate.swift */; };
		A261D70D28F6821B003E00F3 /* Main.storyboard in Resources */ = {isa = PBXBuildFile; fileRef = A261D70B28F6821B003E00F3 /* Main.storyboard */; };
		A261D70F28F6821D003E00F3 /* Assets.xcassets in Resources */ = {isa = PBXBuildFile; fileRef = A261D70E28F6821D003E00F3 /* Assets.xcassets */; };
		A261D71228F6821D003E00F3 /* LaunchScreen.storyboard in Resources */ = {isa = PBXBuildFile; fileRef = A261D71028F6821D003E00F3 /* LaunchScreen.storyboard */; };
		A261D71D28F68347003E00F3 /* DownloadEndpoint.swift in Sources */ = {isa = PBXBuildFile; fileRef = A261D71C28F68347003E00F3 /* DownloadEndpoint.swift */; };
		A261D72028F68461003E00F3 /* DownloadService.swift in Sources */ = {isa = PBXBuildFile; fileRef = A261D71F28F68461003E00F3 /* DownloadService.swift */; };
		A261D72C28F68588003E00F3 /* UIView+Extensions.swift in Sources */ = {isa = PBXBuildFile; fileRef = A261D72728F68588003E00F3 /* UIView+Extensions.swift */; };
		A261D72E28F68588003E00F3 /* UIViewController+Extensions.swift in Sources */ = {isa = PBXBuildFile; fileRef = A261D72928F68588003E00F3 /* UIViewController+Extensions.swift */; };
		A2C0E0BF28F7A82500AD8C5E /* ForegroundDownload.swift in Sources */ = {isa = PBXBuildFile; fileRef = A2C0E0BE28F7A82500AD8C5E /* ForegroundDownload.swift */; };
		A2C0E0C228FBE64F00AD8C5E /* NetworkClient in Frameworks */ = {isa = PBXBuildFile; productRef = A2C0E0C128FBE64F00AD8C5E /* NetworkClient */; };
		A2C0E0C428FBF19B00AD8C5E /* UIImageView+Extensions.swift in Sources */ = {isa = PBXBuildFile; fileRef = A2C0E0C328FBF19B00AD8C5E /* UIImageView+Extensions.swift */; };
		A2C0E0C628FBF44C00AD8C5E /* BackgroundDownload.swift in Sources */ = {isa = PBXBuildFile; fileRef = A2C0E0C528FBF44C00AD8C5E /* BackgroundDownload.swift */; };
		A2C0E0C828FC4B6300AD8C5E /* Bundle+Extensions.swift in Sources */ = {isa = PBXBuildFile; fileRef = A2C0E0C728FC4B6300AD8C5E /* Bundle+Extensions.swift */; };
		A2C0E0CC29041D2800AD8C5E /* RequestEndpoint.swift in Sources */ = {isa = PBXBuildFile; fileRef = A2C0E0CB29041D2800AD8C5E /* RequestEndpoint.swift */; };
		A2C0E0CE29041D3A00AD8C5E /* UploadEndpoint.swift in Sources */ = {isa = PBXBuildFile; fileRef = A2C0E0CD29041D3A00AD8C5E /* UploadEndpoint.swift */; };
		A2C0E0D029041E7800AD8C5E /* Request.swift in Sources */ = {isa = PBXBuildFile; fileRef = A2C0E0CF29041E7800AD8C5E /* Request.swift */; };
		A2C0E0D229041EA300AD8C5E /* RequestSerivce.swift in Sources */ = {isa = PBXBuildFile; fileRef = A2C0E0D129041EA300AD8C5E /* RequestSerivce.swift */; };
		A2C0E0D5290422D700AD8C5E /* NasaAstronomy.swift in Sources */ = {isa = PBXBuildFile; fileRef = A2C0E0D4290422D700AD8C5E /* NasaAstronomy.swift */; };
		A2C495B82912CB70004A4C8B /* SerialRequests.swift in Sources */ = {isa = PBXBuildFile; fileRef = A2C495B72912CB70004A4C8B /* SerialRequests.swift */; };
		A2C495BA29137FB5004A4C8B /* Network+Extensions.swift in Sources */ = {isa = PBXBuildFile; fileRef = A2C495B929137FB5004A4C8B /* Network+Extensions.swift */; };
		A2C495BC29137FE3004A4C8B /* SecCertificate+Extensions.swift in Sources */ = {isa = PBXBuildFile; fileRef = A2C495BB29137FE3004A4C8B /* SecCertificate+Extensions.swift */; };
/* End PBXBuildFile section */

/* Begin PBXFileReference section */
		A22F504E2907B05D00C2E03D /* UploadMultipartEndPoint.swift */ = {isa = PBXFileReference; lastKnownFileType = sourcecode.swift; path = UploadMultipartEndPoint.swift; sourceTree = "<group>"; };
		A22F50502907B42F00C2E03D /* UploadMultipart.swift */ = {isa = PBXFileReference; lastKnownFileType = sourcecode.swift; path = UploadMultipart.swift; sourceTree = "<group>"; };
		A22F50522907B4A800C2E03D /* UploadMultipartService.swift */ = {isa = PBXFileReference; lastKnownFileType = sourcecode.swift; path = UploadMultipartService.swift; sourceTree = "<group>"; };
		A261D70228F6821B003E00F3 /* NetworkClientSink.app */ = {isa = PBXFileReference; explicitFileType = wrapper.application; includeInIndex = 0; path = NetworkClientSink.app; sourceTree = BUILT_PRODUCTS_DIR; };
		A261D70528F6821B003E00F3 /* AppDelegate.swift */ = {isa = PBXFileReference; lastKnownFileType = sourcecode.swift; path = AppDelegate.swift; sourceTree = "<group>"; };
		A261D70728F6821B003E00F3 /* SceneDelegate.swift */ = {isa = PBXFileReference; lastKnownFileType = sourcecode.swift; path = SceneDelegate.swift; sourceTree = "<group>"; };
		A261D70C28F6821B003E00F3 /* Base */ = {isa = PBXFileReference; lastKnownFileType = file.storyboard; name = Base; path = Base.lproj/Main.storyboard; sourceTree = "<group>"; };
		A261D70E28F6821D003E00F3 /* Assets.xcassets */ = {isa = PBXFileReference; lastKnownFileType = folder.assetcatalog; path = Assets.xcassets; sourceTree = "<group>"; };
		A261D71128F6821D003E00F3 /* Base */ = {isa = PBXFileReference; lastKnownFileType = file.storyboard; name = Base; path = Base.lproj/LaunchScreen.storyboard; sourceTree = "<group>"; };
		A261D71328F6821E003E00F3 /* Info.plist */ = {isa = PBXFileReference; lastKnownFileType = text.plist.xml; path = Info.plist; sourceTree = "<group>"; };
		A261D71C28F68347003E00F3 /* DownloadEndpoint.swift */ = {isa = PBXFileReference; lastKnownFileType = sourcecode.swift; path = DownloadEndpoint.swift; sourceTree = "<group>"; };
		A261D71F28F68461003E00F3 /* DownloadService.swift */ = {isa = PBXFileReference; lastKnownFileType = sourcecode.swift; path = DownloadService.swift; sourceTree = "<group>"; };
		A261D72728F68588003E00F3 /* UIView+Extensions.swift */ = {isa = PBXFileReference; fileEncoding = 4; lastKnownFileType = sourcecode.swift; path = "UIView+Extensions.swift"; sourceTree = "<group>"; };
		A261D72928F68588003E00F3 /* UIViewController+Extensions.swift */ = {isa = PBXFileReference; fileEncoding = 4; lastKnownFileType = sourcecode.swift; path = "UIViewController+Extensions.swift"; sourceTree = "<group>"; };
		A2C0E0BE28F7A82500AD8C5E /* ForegroundDownload.swift */ = {isa = PBXFileReference; lastKnownFileType = sourcecode.swift; path = ForegroundDownload.swift; sourceTree = "<group>"; };
		A2C0E0C328FBF19B00AD8C5E /* UIImageView+Extensions.swift */ = {isa = PBXFileReference; lastKnownFileType = sourcecode.swift; path = "UIImageView+Extensions.swift"; sourceTree = "<group>"; };
		A2C0E0C528FBF44C00AD8C5E /* BackgroundDownload.swift */ = {isa = PBXFileReference; lastKnownFileType = sourcecode.swift; path = BackgroundDownload.swift; sourceTree = "<group>"; };
		A2C0E0C728FC4B6300AD8C5E /* Bundle+Extensions.swift */ = {isa = PBXFileReference; lastKnownFileType = sourcecode.swift; path = "Bundle+Extensions.swift"; sourceTree = "<group>"; };
		A2C0E0CB29041D2800AD8C5E /* RequestEndpoint.swift */ = {isa = PBXFileReference; lastKnownFileType = sourcecode.swift; path = RequestEndpoint.swift; sourceTree = "<group>"; };
		A2C0E0CD29041D3A00AD8C5E /* UploadEndpoint.swift */ = {isa = PBXFileReference; lastKnownFileType = sourcecode.swift; path = UploadEndpoint.swift; sourceTree = "<group>"; };
		A2C0E0CF29041E7800AD8C5E /* Request.swift */ = {isa = PBXFileReference; lastKnownFileType = sourcecode.swift; path = Request.swift; sourceTree = "<group>"; };
		A2C0E0D129041EA300AD8C5E /* RequestSerivce.swift */ = {isa = PBXFileReference; lastKnownFileType = sourcecode.swift; path = RequestSerivce.swift; sourceTree = "<group>"; };
		A2C0E0D4290422D700AD8C5E /* NasaAstronomy.swift */ = {isa = PBXFileReference; lastKnownFileType = sourcecode.swift; path = NasaAstronomy.swift; sourceTree = "<group>"; };
		A2C495B72912CB70004A4C8B /* SerialRequests.swift */ = {isa = PBXFileReference; lastKnownFileType = sourcecode.swift; path = SerialRequests.swift; sourceTree = "<group>"; };
		A2C495B929137FB5004A4C8B /* Network+Extensions.swift */ = {isa = PBXFileReference; lastKnownFileType = sourcecode.swift; path = "Network+Extensions.swift"; sourceTree = "<group>"; };
		A2C495BB29137FE3004A4C8B /* SecCertificate+Extensions.swift */ = {isa = PBXFileReference; lastKnownFileType = sourcecode.swift; path = "SecCertificate+Extensions.swift"; sourceTree = "<group>"; };
		A2C495C4291613FD004A4C8B /* NetworkClient */ = {isa = PBXFileReference; lastKnownFileType = wrapper; name = NetworkClient; path = ../NetworkClient; sourceTree = "<group>"; };
/* End PBXFileReference section */

/* Begin PBXFrameworksBuildPhase section */
		A261D6FF28F6821B003E00F3 /* Frameworks */ = {
			isa = PBXFrameworksBuildPhase;
			buildActionMask = 2147483647;
			files = (
				A2C0E0C228FBE64F00AD8C5E /* NetworkClient in Frameworks */,
			);
			runOnlyForDeploymentPostprocessing = 0;
		};
/* End PBXFrameworksBuildPhase section */

/* Begin PBXGroup section */
		A261D6F928F6821B003E00F3 = {
			isa = PBXGroup;
			children = (
				A2C495C4291613FD004A4C8B /* NetworkClient */,
				A261D70428F6821B003E00F3 /* NetworkClientSink */,
				A261D70328F6821B003E00F3 /* Products */,
			);
			sourceTree = "<group>";
		};
		A261D70328F6821B003E00F3 /* Products */ = {
			isa = PBXGroup;
			children = (
				A261D70228F6821B003E00F3 /* NetworkClientSink.app */,
			);
			name = Products;
			sourceTree = "<group>";
		};
		A261D70428F6821B003E00F3 /* NetworkClientSink */ = {
			isa = PBXGroup;
			children = (
				A2C0E0D3290422C600AD8C5E /* Models */,
				A2C0E0BD28F7A80100AD8C5E /* ViewControllers */,
				A261D72128F684F2003E00F3 /* Extensions */,
				A261D71E28F68453003E00F3 /* Services */,
				A261D71B28F68334003E00F3 /* Endpoints */,
				A261D70528F6821B003E00F3 /* AppDelegate.swift */,
				A261D70728F6821B003E00F3 /* SceneDelegate.swift */,
				A261D70B28F6821B003E00F3 /* Main.storyboard */,
				A261D70E28F6821D003E00F3 /* Assets.xcassets */,
				A261D71028F6821D003E00F3 /* LaunchScreen.storyboard */,
				A261D71328F6821E003E00F3 /* Info.plist */,
			);
			path = NetworkClientSink;
			sourceTree = "<group>";
		};
		A261D71B28F68334003E00F3 /* Endpoints */ = {
			isa = PBXGroup;
			children = (
				A2C0E0CB29041D2800AD8C5E /* RequestEndpoint.swift */,
				A261D71C28F68347003E00F3 /* DownloadEndpoint.swift */,
				A2C0E0CD29041D3A00AD8C5E /* UploadEndpoint.swift */,
				A22F504E2907B05D00C2E03D /* UploadMultipartEndPoint.swift */,
			);
			path = Endpoints;
			sourceTree = "<group>";
		};
		A261D71E28F68453003E00F3 /* Services */ = {
			isa = PBXGroup;
			children = (
				A261D71F28F68461003E00F3 /* DownloadService.swift */,
				A2C0E0D129041EA300AD8C5E /* RequestSerivce.swift */,
				A22F50522907B4A800C2E03D /* UploadMultipartService.swift */,
			);
			path = Services;
			sourceTree = "<group>";
		};
		A261D72128F684F2003E00F3 /* Extensions */ = {
			isa = PBXGroup;
			children = (
				A261D72728F68588003E00F3 /* UIView+Extensions.swift */,
				A261D72928F68588003E00F3 /* UIViewController+Extensions.swift */,
				A2C0E0C328FBF19B00AD8C5E /* UIImageView+Extensions.swift */,
				A2C0E0C728FC4B6300AD8C5E /* Bundle+Extensions.swift */,
				A2C495B929137FB5004A4C8B /* Network+Extensions.swift */,
				A2C495BB29137FE3004A4C8B /* SecCertificate+Extensions.swift */,
			);
			path = Extensions;
			sourceTree = "<group>";
		};
		A2C0E0BD28F7A80100AD8C5E /* ViewControllers */ = {
			isa = PBXGroup;
			children = (
				A2C0E0BE28F7A82500AD8C5E /* ForegroundDownload.swift */,
				A2C0E0C528FBF44C00AD8C5E /* BackgroundDownload.swift */,
				A2C0E0CF29041E7800AD8C5E /* Request.swift */,
				A22F50502907B42F00C2E03D /* UploadMultipart.swift */,
				A2C495B72912CB70004A4C8B /* SerialRequests.swift */,
			);
			path = ViewControllers;
			sourceTree = "<group>";
		};
		A2C0E0D3290422C600AD8C5E /* Models */ = {
			isa = PBXGroup;
			children = (
				A2C0E0D4290422D700AD8C5E /* NasaAstronomy.swift */,
			);
			path = Models;
			sourceTree = "<group>";
		};
/* End PBXGroup section */

/* Begin PBXNativeTarget section */
		A261D70128F6821B003E00F3 /* NetworkClientSink */ = {
			isa = PBXNativeTarget;
			buildConfigurationList = A261D71628F6821E003E00F3 /* Build configuration list for PBXNativeTarget "NetworkClientSink" */;
			buildPhases = (
				A261D6FE28F6821B003E00F3 /* Sources */,
				A261D6FF28F6821B003E00F3 /* Frameworks */,
				A261D70028F6821B003E00F3 /* Resources */,
			);
			buildRules = (
			);
			dependencies = (
			);
			name = NetworkClientSink;
			packageProductDependencies = (
				A2C0E0C128FBE64F00AD8C5E /* NetworkClient */,
			);
			productName = NetworkClientSink;
			productReference = A261D70228F6821B003E00F3 /* NetworkClientSink.app */;
			productType = "com.apple.product-type.application";
		};
/* End PBXNativeTarget section */

/* Begin PBXProject section */
		A261D6FA28F6821B003E00F3 /* Project object */ = {
			isa = PBXProject;
			attributes = {
				BuildIndependentTargetsInParallel = 1;
				LastSwiftUpdateCheck = 1400;
				LastUpgradeCheck = 1400;
				TargetAttributes = {
					A261D70128F6821B003E00F3 = {
						CreatedOnToolsVersion = 14.0.1;
					};
				};
			};
			buildConfigurationList = A261D6FD28F6821B003E00F3 /* Build configuration list for PBXProject "NetworkClientSink" */;
			compatibilityVersion = "Xcode 14.0";
			developmentRegion = en;
			hasScannedForEncodings = 0;
			knownRegions = (
				en,
				Base,
			);
			mainGroup = A261D6F928F6821B003E00F3;
			packageReferences = (
				A2C0E0C028FBE64F00AD8C5E /* XCRemoteSwiftPackageReference "NetworkClient" */,
			);
			productRefGroup = A261D70328F6821B003E00F3 /* Products */;
			projectDirPath = "";
			projectRoot = "";
			targets = (
				A261D70128F6821B003E00F3 /* NetworkClientSink */,
			);
		};
/* End PBXProject section */

/* Begin PBXResourcesBuildPhase section */
		A261D70028F6821B003E00F3 /* Resources */ = {
			isa = PBXResourcesBuildPhase;
			buildActionMask = 2147483647;
			files = (
				A261D71228F6821D003E00F3 /* LaunchScreen.storyboard in Resources */,
				A261D70F28F6821D003E00F3 /* Assets.xcassets in Resources */,
				A261D70D28F6821B003E00F3 /* Main.storyboard in Resources */,
			);
			runOnlyForDeploymentPostprocessing = 0;
		};
/* End PBXResourcesBuildPhase section */

/* Begin PBXSourcesBuildPhase section */
		A261D6FE28F6821B003E00F3 /* Sources */ = {
			isa = PBXSourcesBuildPhase;
			buildActionMask = 2147483647;
			files = (
				A2C0E0CC29041D2800AD8C5E /* RequestEndpoint.swift in Sources */,
				A2C0E0D5290422D700AD8C5E /* NasaAstronomy.swift in Sources */,
				A22F50512907B42F00C2E03D /* UploadMultipart.swift in Sources */,
				A2C0E0D029041E7800AD8C5E /* Request.swift in Sources */,
				A2C495BA29137FB5004A4C8B /* Network+Extensions.swift in Sources */,
				A2C0E0CE29041D3A00AD8C5E /* UploadEndpoint.swift in Sources */,
				A2C0E0D229041EA300AD8C5E /* RequestSerivce.swift in Sources */,
				A2C0E0C428FBF19B00AD8C5E /* UIImageView+Extensions.swift in Sources */,
				A261D72028F68461003E00F3 /* DownloadService.swift in Sources */,
				A22F504F2907B05D00C2E03D /* UploadMultipartEndPoint.swift in Sources */,
				A2C0E0C828FC4B6300AD8C5E /* Bundle+Extensions.swift in Sources */,
				A261D72C28F68588003E00F3 /* UIView+Extensions.swift in Sources */,
				A261D72E28F68588003E00F3 /* UIViewController+Extensions.swift in Sources */,
				A261D70628F6821B003E00F3 /* AppDelegate.swift in Sources */,
				A22F50532907B4A800C2E03D /* UploadMultipartService.swift in Sources */,
				A261D71D28F68347003E00F3 /* DownloadEndpoint.swift in Sources */,
				A2C0E0BF28F7A82500AD8C5E /* ForegroundDownload.swift in Sources */,
				A2C495B82912CB70004A4C8B /* SerialRequests.swift in Sources */,
				A2C0E0C628FBF44C00AD8C5E /* BackgroundDownload.swift in Sources */,
				A261D70828F6821B003E00F3 /* SceneDelegate.swift in Sources */,
				A2C495BC29137FE3004A4C8B /* SecCertificate+Extensions.swift in Sources */,
			);
			runOnlyForDeploymentPostprocessing = 0;
		};
/* End PBXSourcesBuildPhase section */

/* Begin PBXVariantGroup section */
		A261D70B28F6821B003E00F3 /* Main.storyboard */ = {
			isa = PBXVariantGroup;
			children = (
				A261D70C28F6821B003E00F3 /* Base */,
			);
			name = Main.storyboard;
			sourceTree = "<group>";
		};
		A261D71028F6821D003E00F3 /* LaunchScreen.storyboard */ = {
			isa = PBXVariantGroup;
			children = (
				A261D71128F6821D003E00F3 /* Base */,
			);
			name = LaunchScreen.storyboard;
			sourceTree = "<group>";
		};
/* End PBXVariantGroup section */

/* Begin XCBuildConfiguration section */
		A261D71428F6821E003E00F3 /* Debug */ = {
			isa = XCBuildConfiguration;
			buildSettings = {
				ALWAYS_SEARCH_USER_PATHS = NO;
				CLANG_ANALYZER_NONNULL = YES;
				CLANG_ANALYZER_NUMBER_OBJECT_CONVERSION = YES_AGGRESSIVE;
				CLANG_CXX_LANGUAGE_STANDARD = "gnu++20";
				CLANG_ENABLE_MODULES = YES;
				CLANG_ENABLE_OBJC_ARC = YES;
				CLANG_ENABLE_OBJC_WEAK = YES;
				CLANG_WARN_BLOCK_CAPTURE_AUTORELEASING = YES;
				CLANG_WARN_BOOL_CONVERSION = YES;
				CLANG_WARN_COMMA = YES;
				CLANG_WARN_CONSTANT_CONVERSION = YES;
				CLANG_WARN_DEPRECATED_OBJC_IMPLEMENTATIONS = YES;
				CLANG_WARN_DIRECT_OBJC_ISA_USAGE = YES_ERROR;
				CLANG_WARN_DOCUMENTATION_COMMENTS = YES;
				CLANG_WARN_EMPTY_BODY = YES;
				CLANG_WARN_ENUM_CONVERSION = YES;
				CLANG_WARN_INFINITE_RECURSION = YES;
				CLANG_WARN_INT_CONVERSION = YES;
				CLANG_WARN_NON_LITERAL_NULL_CONVERSION = YES;
				CLANG_WARN_OBJC_IMPLICIT_RETAIN_SELF = YES;
				CLANG_WARN_OBJC_LITERAL_CONVERSION = YES;
				CLANG_WARN_OBJC_ROOT_CLASS = YES_ERROR;
				CLANG_WARN_QUOTED_INCLUDE_IN_FRAMEWORK_HEADER = YES;
				CLANG_WARN_RANGE_LOOP_ANALYSIS = YES;
				CLANG_WARN_STRICT_PROTOTYPES = YES;
				CLANG_WARN_SUSPICIOUS_MOVE = YES;
				CLANG_WARN_UNGUARDED_AVAILABILITY = YES_AGGRESSIVE;
				CLANG_WARN_UNREACHABLE_CODE = YES;
				CLANG_WARN__DUPLICATE_METHOD_MATCH = YES;
				COPY_PHASE_STRIP = NO;
				DEBUG_INFORMATION_FORMAT = dwarf;
				ENABLE_STRICT_OBJC_MSGSEND = YES;
				ENABLE_TESTABILITY = YES;
				GCC_C_LANGUAGE_STANDARD = gnu11;
				GCC_DYNAMIC_NO_PIC = NO;
				GCC_NO_COMMON_BLOCKS = YES;
				GCC_OPTIMIZATION_LEVEL = 0;
				GCC_PREPROCESSOR_DEFINITIONS = (
					"DEBUG=1",
					"$(inherited)",
				);
				GCC_WARN_64_TO_32_BIT_CONVERSION = YES;
				GCC_WARN_ABOUT_RETURN_TYPE = YES_ERROR;
				GCC_WARN_UNDECLARED_SELECTOR = YES;
				GCC_WARN_UNINITIALIZED_AUTOS = YES_AGGRESSIVE;
				GCC_WARN_UNUSED_FUNCTION = YES;
				GCC_WARN_UNUSED_VARIABLE = YES;
				IPHONEOS_DEPLOYMENT_TARGET = 16.0;
				MTL_ENABLE_DEBUG_INFO = INCLUDE_SOURCE;
				MTL_FAST_MATH = YES;
				ONLY_ACTIVE_ARCH = YES;
				SDKROOT = iphoneos;
				SWIFT_ACTIVE_COMPILATION_CONDITIONS = DEBUG;
				SWIFT_OPTIMIZATION_LEVEL = "-Onone";
			};
			name = Debug;
		};
		A261D71528F6821E003E00F3 /* Release */ = {
			isa = XCBuildConfiguration;
			buildSettings = {
				ALWAYS_SEARCH_USER_PATHS = NO;
				CLANG_ANALYZER_NONNULL = YES;
				CLANG_ANALYZER_NUMBER_OBJECT_CONVERSION = YES_AGGRESSIVE;
				CLANG_CXX_LANGUAGE_STANDARD = "gnu++20";
				CLANG_ENABLE_MODULES = YES;
				CLANG_ENABLE_OBJC_ARC = YES;
				CLANG_ENABLE_OBJC_WEAK = YES;
				CLANG_WARN_BLOCK_CAPTURE_AUTORELEASING = YES;
				CLANG_WARN_BOOL_CONVERSION = YES;
				CLANG_WARN_COMMA = YES;
				CLANG_WARN_CONSTANT_CONVERSION = YES;
				CLANG_WARN_DEPRECATED_OBJC_IMPLEMENTATIONS = YES;
				CLANG_WARN_DIRECT_OBJC_ISA_USAGE = YES_ERROR;
				CLANG_WARN_DOCUMENTATION_COMMENTS = YES;
				CLANG_WARN_EMPTY_BODY = YES;
				CLANG_WARN_ENUM_CONVERSION = YES;
				CLANG_WARN_INFINITE_RECURSION = YES;
				CLANG_WARN_INT_CONVERSION = YES;
				CLANG_WARN_NON_LITERAL_NULL_CONVERSION = YES;
				CLANG_WARN_OBJC_IMPLICIT_RETAIN_SELF = YES;
				CLANG_WARN_OBJC_LITERAL_CONVERSION = YES;
				CLANG_WARN_OBJC_ROOT_CLASS = YES_ERROR;
				CLANG_WARN_QUOTED_INCLUDE_IN_FRAMEWORK_HEADER = YES;
				CLANG_WARN_RANGE_LOOP_ANALYSIS = YES;
				CLANG_WARN_STRICT_PROTOTYPES = YES;
				CLANG_WARN_SUSPICIOUS_MOVE = YES;
				CLANG_WARN_UNGUARDED_AVAILABILITY = YES_AGGRESSIVE;
				CLANG_WARN_UNREACHABLE_CODE = YES;
				CLANG_WARN__DUPLICATE_METHOD_MATCH = YES;
				COPY_PHASE_STRIP = NO;
				DEBUG_INFORMATION_FORMAT = "dwarf-with-dsym";
				ENABLE_NS_ASSERTIONS = NO;
				ENABLE_STRICT_OBJC_MSGSEND = YES;
				GCC_C_LANGUAGE_STANDARD = gnu11;
				GCC_NO_COMMON_BLOCKS = YES;
				GCC_WARN_64_TO_32_BIT_CONVERSION = YES;
				GCC_WARN_ABOUT_RETURN_TYPE = YES_ERROR;
				GCC_WARN_UNDECLARED_SELECTOR = YES;
				GCC_WARN_UNINITIALIZED_AUTOS = YES_AGGRESSIVE;
				GCC_WARN_UNUSED_FUNCTION = YES;
				GCC_WARN_UNUSED_VARIABLE = YES;
				IPHONEOS_DEPLOYMENT_TARGET = 16.0;
				MTL_ENABLE_DEBUG_INFO = NO;
				MTL_FAST_MATH = YES;
				SDKROOT = iphoneos;
				SWIFT_COMPILATION_MODE = wholemodule;
				SWIFT_OPTIMIZATION_LEVEL = "-O";
				VALIDATE_PRODUCT = YES;
			};
			name = Release;
		};
		A261D71728F6821E003E00F3 /* Debug */ = {
			isa = XCBuildConfiguration;
			buildSettings = {
				ASSETCATALOG_COMPILER_APPICON_NAME = AppIcon;
				ASSETCATALOG_COMPILER_GLOBAL_ACCENT_COLOR_NAME = AccentColor;
				CODE_SIGN_STYLE = Automatic;
				CURRENT_PROJECT_VERSION = 1;
				GENERATE_INFOPLIST_FILE = YES;
				INFOPLIST_FILE = NetworkClientSink/Info.plist;
				INFOPLIST_KEY_UIApplicationSupportsIndirectInputEvents = YES;
				INFOPLIST_KEY_UILaunchStoryboardName = LaunchScreen;
				INFOPLIST_KEY_UIMainStoryboardFile = Main;
				INFOPLIST_KEY_UISupportedInterfaceOrientations_iPad = "UIInterfaceOrientationPortrait UIInterfaceOrientationPortraitUpsideDown UIInterfaceOrientationLandscapeLeft UIInterfaceOrientationLandscapeRight";
				INFOPLIST_KEY_UISupportedInterfaceOrientations_iPhone = "UIInterfaceOrientationPortrait UIInterfaceOrientationLandscapeLeft UIInterfaceOrientationLandscapeRight";
				IPHONEOS_DEPLOYMENT_TARGET = 14.0;
				LD_RUNPATH_SEARCH_PATHS = (
					"$(inherited)",
					"@executable_path/Frameworks",
				);
				MARKETING_VERSION = 1.0;
				PRODUCT_BUNDLE_IDENTIFIER = Chandan.NetworkClientSink;
				PRODUCT_NAME = "$(TARGET_NAME)";
				SWIFT_EMIT_LOC_STRINGS = YES;
				SWIFT_VERSION = 5.0;
				TARGETED_DEVICE_FAMILY = "1,2";
			};
			name = Debug;
		};
		A261D71828F6821E003E00F3 /* Release */ = {
			isa = XCBuildConfiguration;
			buildSettings = {
				ASSETCATALOG_COMPILER_APPICON_NAME = AppIcon;
				ASSETCATALOG_COMPILER_GLOBAL_ACCENT_COLOR_NAME = AccentColor;
				CODE_SIGN_STYLE = Automatic;
				CURRENT_PROJECT_VERSION = 1;
				GENERATE_INFOPLIST_FILE = YES;
				INFOPLIST_FILE = NetworkClientSink/Info.plist;
				INFOPLIST_KEY_UIApplicationSupportsIndirectInputEvents = YES;
				INFOPLIST_KEY_UILaunchStoryboardName = LaunchScreen;
				INFOPLIST_KEY_UIMainStoryboardFile = Main;
				INFOPLIST_KEY_UISupportedInterfaceOrientations_iPad = "UIInterfaceOrientationPortrait UIInterfaceOrientationPortraitUpsideDown UIInterfaceOrientationLandscapeLeft UIInterfaceOrientationLandscapeRight";
				INFOPLIST_KEY_UISupportedInterfaceOrientations_iPhone = "UIInterfaceOrientationPortrait UIInterfaceOrientationLandscapeLeft UIInterfaceOrientationLandscapeRight";
				IPHONEOS_DEPLOYMENT_TARGET = 14.0;
				LD_RUNPATH_SEARCH_PATHS = (
					"$(inherited)",
					"@executable_path/Frameworks",
				);
				MARKETING_VERSION = 1.0;
				PRODUCT_BUNDLE_IDENTIFIER = Chandan.NetworkClientSink;
				PRODUCT_NAME = "$(TARGET_NAME)";
				SWIFT_EMIT_LOC_STRINGS = YES;
				SWIFT_VERSION = 5.0;
				TARGETED_DEVICE_FAMILY = "1,2";
			};
			name = Release;
		};
/* End XCBuildConfiguration section */

/* Begin XCConfigurationList section */
		A261D6FD28F6821B003E00F3 /* Build configuration list for PBXProject "NetworkClientSink" */ = {
			isa = XCConfigurationList;
			buildConfigurations = (
				A261D71428F6821E003E00F3 /* Debug */,
				A261D71528F6821E003E00F3 /* Release */,
			);
			defaultConfigurationIsVisible = 0;
			defaultConfigurationName = Release;
		};
		A261D71628F6821E003E00F3 /* Build configuration list for PBXNativeTarget "NetworkClientSink" */ = {
			isa = XCConfigurationList;
			buildConfigurations = (
				A261D71728F6821E003E00F3 /* Debug */,
				A261D71828F6821E003E00F3 /* Release */,
			);
			defaultConfigurationIsVisible = 0;
			defaultConfigurationName = Release;
		};
/* End XCConfigurationList section */

/* Begin XCRemoteSwiftPackageReference section */
		A2C0E0C028FBE64F00AD8C5E /* XCRemoteSwiftPackageReference "NetworkClient" */ = {
			isa = XCRemoteSwiftPackageReference;
			repositoryURL = "https://github.com/Radhach9027/NetworkClient";
			requirement = {
				branch = main;
				kind = branch;
			};
		};
/* End XCRemoteSwiftPackageReference section */

/* Begin XCSwiftPackageProductDependency section */
		A2C0E0C128FBE64F00AD8C5E /* NetworkClient */ = {
			isa = XCSwiftPackageProductDependency;
			package = A2C0E0C028FBE64F00AD8C5E /* XCRemoteSwiftPackageReference "NetworkClient" */;
			productName = NetworkClient;
		};
/* End XCSwiftPackageProductDependency section */
	};
	rootObject = A261D6FA28F6821B003E00F3 /* Project object */;
}
